
Microsoft Visual Studio Solution File, Format Version 12.00
# Visual Studio Version 17
VisualStudioVersion = 17.10.35013.160
MinimumVisualStudioVersion = 10.0.40219.1
Project("{FAE04EC0-301F-11D3-BF4B-00C04F79EFBC}") = "Ejercicio5", "Ejercicio5.csproj", "{D40073D6-7AD2-40BB-95C0-260467A02267}"
EndProject
Global
	GlobalSection(SolutionConfigurationPlatforms) = preSolution
		Debug|Any CPU = Debug|Any CPU
		Release|Any CPU = Release|Any CPU
	EndGlobalSection
	GlobalSection(ProjectConfigurationPlatforms) = postSolution
		{D40073D6-7AD2-40BB-95C0-260467A02267}.Debug|Any CPU.ActiveCfg = Debug|Any CPU
		{D40073D6-7AD2-40BB-95C0-260467A02267}.Debug|Any CPU.Build.0 = Debug|Any CPU
		{D40073D6-7AD2-40BB-95C0-260467A02267}.Release|Any CPU.ActiveCfg = Release|Any CPU
		{D40073D6-7AD2-40BB-95C0-260467A02267}.Release|Any CPU.Build.0 = Release|Any CPU
	EndGlobalSection
	GlobalSection(SolutionProperties) = preSolution
		HideSolutionNode = FALSE
	EndGlobalSection
	GlobalSection(ExtensibilityGlobals) = postSolution
		SolutionGuid = {206EA018-A8C1-476D-8EB9-B4C799FD11F4}
	EndGlobalSection
EndGlobal
